github.com/EndFirstCorp/peekingReader v0.0.0-20171012052444-257fb6f1a1a6 h1:t27CGFMv8DwGwqRPEa2VNof5I/aZwO6q2gfJhN8q0U4=
github.com/EndFirstCorp/peekingReader v0.0.0-20171012052444-257fb6f1a1a6/go.mod h1:zpqkXxDsVfEIUZEWvT9yAo8OmRvSlRrcYQ3Zs8sSubA=
github.com/gabriel-vasile/mimetype v1.4.1 h1:TRWk7se+TOjCYgRth7+1/OYLNiRNIotknkFtf/dnN7Q=
github.com/gabriel-vasile/mimetype v1.4.1/go.mod h1:05Vi0w3Y9c/lNvJOdmIwvrrAhX3rYhfQQCaf9VJcv7M=
golang.org/x/net v0.0.0-20220624214902-1bab6f366d9e h1:TsQ7F31D3bUCLeqPT0u+yjp1guoArKaNKmCr22PYgTQ=
golang.org/x/net v0.0.0-20220624214902-1bab6f366d9e/go.mod h1:XRhObCWvk6IyKnWLug+ECip1KBveYUHfp+8e9klMJ9c=
golang.org/x/sys v0.0.0-20210615035016-665e8c7367d1/go.mod h1:oPkhp1MJrh7nUepCBck5+mAzfO9JrbApNNgaTdGDITg=
golang.org/x/sys v0.0.0-20220520151302-bc2c85ada10a/go.mod h1:oPkhp1MJrh7nUepCBck5+mAzfO9JrbApNNgaTdGDITg=
golang.org/x/term v0.0.0-20210927222741-03fcf44c2211/go.mod h1:jbD1KX2456YbFQfuXm/mYQcufACuNUgVhRMnK/tPxf8=
golang.org/x/text v0.3.7/go.mod h1:u+2+/6zg+i71rQMx5EYifcz6MCKuco9NR6JIITiCfzQ=
golang.org/x/tools v0.0.0-20180917221912-90fa682c2a6e/go.mod h1:n7NCudcB/nEzxVGmLbDWY5pfWTLqBcC2KZ6jyYvM4mQ=
