github.com/EndFirstCorp/peekingReader v0.0.0-20171012052444-257fb6f1a1a6 h1:t27CGFMv8DwGwqRPEa2VNof5I/aZwO6q2gfJhN8q0U4=
github.com/EndFirstCorp/peekingReader v0.0.0-20171012052444-257fb6f1a1a6/go.mod h1:zpqkXxDsVfEIUZEWvT9yAo8OmRvSlRrcYQ3Zs8sSubA=
github.com/gabriel-vasile/mimetype v1.1.1 h1:qbN9MPuRf3bstHu9zkI9jDWNfH//9+9kHxr9oRBBBOA=
github.com/gabriel-vasile/mimetype v1.1.1/go.mod h1:6CDPel/o/3/s4+bp6kIbsWATq8pmgOisOPG40CJa6To=
github.com/gabriel-vasile/mimetype v1.1.2 h1:gaPnPcNor5aZSVCJVSGipcpbgMWiAAj9z182ocSGbHU=
github.com/gabriel-vasile/mimetype v1.1.2/go.mod h1:6CDPel/o/3/s4+bp6kIbsWATq8pmgOisOPG40CJa6To=
github.com/gabriel-vasile/mimetype v1.2.0 h1:A6z5J8OhjiWFV91sQ3dMI8apYu/tvP9keDaMM3Xu6p4=
github.com/gabriel-vasile/mimetype v1.2.0/go.mod h1:6CDPel/o/3/s4+bp6kIbsWATq8pmgOisOPG40CJa6To=
github.com/gabriel-vasile/mimetype v1.3.0 h1:4YOHITFLyYwF+iqG0ybSLGArRItynpfwdlWRmJnd75E=
github.com/gabriel-vasile/mimetype v1.3.0/go.mod h1:fA8fi6KUiG7MgQQ+mEWotXoEOvmxRtOJlERCzSmRvr8=
golang.org/x/net v0.0.0-20210505024714-0287a6fb4125 h1:Ugb8sMTWuWRC3+sz5WeN/4kejDx9BvIwnPUiJBjJE+8=
golang.org/x/net v0.0.0-20210505024714-0287a6fb4125/go.mod h1:9nx3DQGgdP8bBQD5qxJ1jj9UTztislL4KSBs9R2vV5Y=
golang.org/x/sys v0.0.0-20201119102817-f84b799fce68/go.mod h1:h1NjWce9XRLGQEsW7wpKNCjG9DtNlClVuFLEZdDNbEs=
golang.org/x/sys v0.0.0-20210423082822-04245dca01da/go.mod h1:h1NjWce9XRLGQEsW7wpKNCjG9DtNlClVuFLEZdDNbEs=
golang.org/x/term v0.0.0-20201126162022-7de9c90e9dd1/go.mod h1:bj7SfCRtBDWHUb9snDiAeCFNEtKQo2Wmx5Cou7ajbmo=
golang.org/x/text v0.3.6/go.mod h1:5Zoc/QRtKVWzQhOtBMvqHzDpF6irO9z98xDceosuGiQ=
golang.org/x/tools v0.0.0-20180917221912-90fa682c2a6e/go.mod h1:n7NCudcB/nEzxVGmLbDWY5pfWTLqBcC2KZ6jyYvM4mQ=
